
Microsoft Visual Studio Solution File, Format Version 12.00
# Visual Studio 2013
VisualStudioVersion = 12.0.31101.0
MinimumVisualStudioVersion = 10.0.40219.1
Project("{FAE04EC0-301F-11D3-BF4B-00C04F79EFBC}") = "GraphiteAlert", "GraphiteAlert\GraphiteAlert.csproj", "{EA5572AC-6EF3-4AD3-AB63-B133684498A9}"
EndProject
Project("{FAE04EC0-301F-11D3-BF4B-00C04F79EFBC}") = "GraphiteAlert.Tests", "GraphiteAlert.Tests\GraphiteAlert.Tests.csproj", "{C589D769-58FB-4AC7-9213-C19C52510035}"
EndProject
Project("{FAE04EC0-301F-11D3-BF4B-00C04F79EFBC}") = "GraphiteAlert.Infrastructure", "GraphiteAlert.Infrastructure\GraphiteAlert.Infrastructure.csproj", "{124212DD-A0BF-45FB-8DD0-30809F3FA738}"
EndProject
Global
	GlobalSection(SolutionConfigurationPlatforms) = preSolution
		Debug|Any CPU = Debug|Any CPU
		Release|Any CPU = Release|Any CPU
	EndGlobalSection
	GlobalSection(ProjectConfigurationPlatforms) = postSolution
		{EA5572AC-6EF3-4AD3-AB63-B133684498A9}.Debug|Any CPU.ActiveCfg = Debug|Any CPU
		{EA5572AC-6EF3-4AD3-AB63-B133684498A9}.Debug|Any CPU.Build.0 = Debug|Any CPU
		{EA5572AC-6EF3-4AD3-AB63-B133684498A9}.Release|Any CPU.ActiveCfg = Release|Any CPU
		{EA5572AC-6EF3-4AD3-AB63-B133684498A9}.Release|Any CPU.Build.0 = Release|Any CPU
		{C589D769-58FB-4AC7-9213-C19C52510035}.Debug|Any CPU.ActiveCfg = Debug|Any CPU
		{C589D769-58FB-4AC7-9213-C19C52510035}.Debug|Any CPU.Build.0 = Debug|Any CPU
		{C589D769-58FB-4AC7-9213-C19C52510035}.Release|Any CPU.ActiveCfg = Release|Any CPU
		{C589D769-58FB-4AC7-9213-C19C52510035}.Release|Any CPU.Build.0 = Release|Any CPU
		{124212DD-A0BF-45FB-8DD0-30809F3FA738}.Debug|Any CPU.ActiveCfg = Debug|Any CPU
		{124212DD-A0BF-45FB-8DD0-30809F3FA738}.Debug|Any CPU.Build.0 = Debug|Any CPU
		{124212DD-A0BF-45FB-8DD0-30809F3FA738}.Release|Any CPU.ActiveCfg = Release|Any CPU
		{124212DD-A0BF-45FB-8DD0-30809F3FA738}.Release|Any CPU.Build.0 = Release|Any CPU
	EndGlobalSection
	GlobalSection(SolutionProperties) = preSolution
		HideSolutionNode = FALSE
	EndGlobalSection
EndGlobal
